
Microsoft Visual Studio Solution File, Format Version 12.00
# Visual Studio 14
VisualStudioVersion = 14.0.25420.1
MinimumVisualStudioVersion = 10.0.40219.1
Project("{FAE04EC0-301F-11D3-BF4B-00C04F79EFBC}") = "CalculatorApp", "CalculatorApp\CalculatorApp\CalculatorApp.csproj", "{9FC4D6DF-3023-49BB-B7C5-28C560FCE584}"
EndProject
Project("{FAE04EC0-301F-11D3-BF4B-00C04F79EFBC}") = "CalculatorApp.Droid", "CalculatorApp\CalculatorApp.Droid\CalculatorApp.Droid.csproj", "{3B7ADADC-D311-4448-9560-F8EF6729E0F1}"
EndProject
Project("{FAE04EC0-301F-11D3-BF4B-00C04F79EFBC}") = "CalculatorApp.iOS", "CalculatorApp\CalculatorApp.iOS\CalculatorApp.iOS.csproj", "{5BB09E00-DD6C-4AAA-8375-95AD3B81D8F9}"
EndProject
Project("{FAE04EC0-301F-11D3-BF4B-00C04F79EFBC}") = "CalculatorApp.WinPhone", "CalculatorApp\CalculatorApp.WinPhone\CalculatorApp.WinPhone.csproj", "{71370194-A221-492A-901A-EE2BE5052797}"
EndProject
Project("{FAE04EC0-301F-11D3-BF4B-00C04F79EFBC}") = "CalculatorApp.Windows", "CalculatorApp\CalculatorApp.Windows\CalculatorApp.Windows.csproj", "{11C2CBDC-503E-43A7-98A7-C775A96FC2E6}"
EndProject
Global
	GlobalSection(SolutionConfigurationPlatforms) = preSolution
		Ad-Hoc|Any CPU = Ad-Hoc|Any CPU
		Ad-Hoc|ARM = Ad-Hoc|ARM
		Ad-Hoc|iPhone = Ad-Hoc|iPhone
		Ad-Hoc|iPhoneSimulator = Ad-Hoc|iPhoneSimulator
		Ad-Hoc|x64 = Ad-Hoc|x64
		Ad-Hoc|x86 = Ad-Hoc|x86
		AppStore|Any CPU = AppStore|Any CPU
		AppStore|ARM = AppStore|ARM
		AppStore|iPhone = AppStore|iPhone
		AppStore|iPhoneSimulator = AppStore|iPhoneSimulator
		AppStore|x64 = AppStore|x64
		AppStore|x86 = AppStore|x86
		Debug|Any CPU = Debug|Any CPU
		Debug|ARM = Debug|ARM
		Debug|iPhone = Debug|iPhone
		Debug|iPhoneSimulator = Debug|iPhoneSimulator
		Debug|x64 = Debug|x64
		Debug|x86 = Debug|x86
		Release|Any CPU = Release|Any CPU
		Release|ARM = Release|ARM
		Release|iPhone = Release|iPhone
		Release|iPhoneSimulator = Release|iPhoneSimulator
		Release|x64 = Release|x64
		Release|x86 = Release|x86
	EndGlobalSection
	GlobalSection(ProjectConfigurationPlatforms) = postSolution
		{9FC4D6DF-3023-49BB-B7C5-28C560FCE584}.Ad-Hoc|Any CPU.ActiveCfg = Release|Any CPU
		{9FC4D6DF-3023-49BB-B7C5-28C560FCE584}.Ad-Hoc|Any CPU.Build.0 = Release|Any CPU
		{9FC4D6DF-3023-49BB-B7C5-28C560FCE584}.Ad-Hoc|ARM.ActiveCfg = Release|Any CPU
		{9FC4D6DF-3023-49BB-B7C5-28C560FCE584}.Ad-Hoc|ARM.Build.0 = Release|Any CPU
		{9FC4D6DF-3023-49BB-B7C5-28C560FCE584}.Ad-Hoc|iPhone.ActiveCfg = Release|Any CPU
		{9FC4D6DF-3023-49BB-B7C5-28C560FCE584}.Ad-Hoc|iPhone.Build.0 = Release|Any CPU
		{9FC4D6DF-3023-49BB-B7C5-28C560FCE584}.Ad-Hoc|iPhoneSimulator.ActiveCfg = Release|Any CPU
		{9FC4D6DF-3023-49BB-B7C5-28C560FCE584}.Ad-Hoc|iPhoneSimulator.Build.0 = Release|Any CPU
		{9FC4D6DF-3023-49BB-B7C5-28C560FCE584}.Ad-Hoc|x64.ActiveCfg = Release|Any CPU
		{9FC4D6DF-3023-49BB-B7C5-28C560FCE584}.Ad-Hoc|x64.Build.0 = Release|Any CPU
		{9FC4D6DF-3023-49BB-B7C5-28C560FCE584}.Ad-Hoc|x86.ActiveCfg = Release|Any CPU
		{9FC4D6DF-3023-49BB-B7C5-28C560FCE584}.Ad-Hoc|x86.Build.0 = Release|Any CPU
		{9FC4D6DF-3023-49BB-B7C5-28C560FCE584}.AppStore|Any CPU.ActiveCfg = Release|Any CPU
		{9FC4D6DF-3023-49BB-B7C5-28C560FCE584}.AppStore|Any CPU.Build.0 = Release|Any CPU
		{9FC4D6DF-3023-49BB-B7C5-28C560FCE584}.AppStore|ARM.ActiveCfg = Release|Any CPU
		{9FC4D6DF-3023-49BB-B7C5-28C560FCE584}.AppStore|ARM.Build.0 = Release|Any CPU
		{9FC4D6DF-3023-49BB-B7C5-28C560FCE584}.AppStore|iPhone.ActiveCfg = Release|Any CPU
		{9FC4D6DF-3023-49BB-B7C5-28C560FCE584}.AppStore|iPhone.Build.0 = Release|Any CPU
		{9FC4D6DF-3023-49BB-B7C5-28C560FCE584}.AppStore|iPhoneSimulator.ActiveCfg = Release|Any CPU
		{9FC4D6DF-3023-49BB-B7C5-28C560FCE584}.AppStore|iPhoneSimulator.Build.0 = Release|Any CPU
		{9FC4D6DF-3023-49BB-B7C5-28C560FCE584}.AppStore|x64.ActiveCfg = Release|Any CPU
		{9FC4D6DF-3023-49BB-B7C5-28C560FCE584}.AppStore|x64.Build.0 = Release|Any CPU
		{9FC4D6DF-3023-49BB-B7C5-28C560FCE584}.AppStore|x86.ActiveCfg = Release|Any CPU
		{9FC4D6DF-3023-49BB-B7C5-28C560FCE584}.AppStore|x86.Build.0 = Release|Any CPU
		{9FC4D6DF-3023-49BB-B7C5-28C560FCE584}.Debug|Any CPU.ActiveCfg = Debug|Any CPU
		{9FC4D6DF-3023-49BB-B7C5-28C560FCE584}.Debug|Any CPU.Build.0 = Debug|Any CPU
		{9FC4D6DF-3023-49BB-B7C5-28C560FCE584}.Debug|ARM.ActiveCfg = Debug|Any CPU
		{9FC4D6DF-3023-49BB-B7C5-28C560FCE584}.Debug|ARM.Build.0 = Debug|Any CPU
		{9FC4D6DF-3023-49BB-B7C5-28C560FCE584}.Debug|iPhone.ActiveCfg = Debug|Any CPU
		{9FC4D6DF-3023-49BB-B7C5-28C560FCE584}.Debug|iPhone.Build.0 = Debug|Any CPU
		{9FC4D6DF-3023-49BB-B7C5-28C560FCE584}.Debug|iPhoneSimulator.ActiveCfg = Debug|Any CPU
		{9FC4D6DF-3023-49BB-B7C5-28C560FCE584}.Debug|iPhoneSimulator.Build.0 = Debug|Any CPU
		{9FC4D6DF-3023-49BB-B7C5-28C560FCE584}.Debug|x64.ActiveCfg = Debug|Any CPU
		{9FC4D6DF-3023-49BB-B7C5-28C560FCE584}.Debug|x64.Build.0 = Debug|Any CPU
		{9FC4D6DF-3023-49BB-B7C5-28C560FCE584}.Debug|x86.ActiveCfg = Debug|Any CPU
		{9FC4D6DF-3023-49BB-B7C5-28C560FCE584}.Debug|x86.Build.0 = Debug|Any CPU
		{9FC4D6DF-3023-49BB-B7C5-28C560FCE584}.Release|Any CPU.ActiveCfg = Release|Any CPU
		{9FC4D6DF-3023-49BB-B7C5-28C560FCE584}.Release|Any CPU.Build.0 = Release|Any CPU
		{9FC4D6DF-3023-49BB-B7C5-28C560FCE584}.Release|ARM.ActiveCfg = Release|Any CPU
		{9FC4D6DF-3023-49BB-B7C5-28C560FCE584}.Release|ARM.Build.0 = Release|Any CPU
		{9FC4D6DF-3023-49BB-B7C5-28C560FCE584}.Release|iPhone.ActiveCfg = Release|Any CPU
		{9FC4D6DF-3023-49BB-B7C5-28C560FCE584}.Release|iPhone.Build.0 = Release|Any CPU
		{9FC4D6DF-3023-49BB-B7C5-28C560FCE584}.Release|iPhoneSimulator.ActiveCfg = Release|Any CPU
		{9FC4D6DF-3023-49BB-B7C5-28C560FCE584}.Release|iPhoneSimulator.Build.0 = Release|Any CPU
		{9FC4D6DF-3023-49BB-B7C5-28C560FCE584}.Release|x64.ActiveCfg = Release|Any CPU
		{9FC4D6DF-3023-49BB-B7C5-28C560FCE584}.Release|x64.Build.0 = Release|Any CPU
		{9FC4D6DF-3023-49BB-B7C5-28C560FCE584}.Release|x86.ActiveCfg = Release|Any CPU
		{9FC4D6DF-3023-49BB-B7C5-28C560FCE584}.Release|x86.Build.0 = Release|Any CPU
		{3B7ADADC-D311-4448-9560-F8EF6729E0F1}.Ad-Hoc|Any CPU.ActiveCfg = Release|Any CPU
		{3B7ADADC-D311-4448-9560-F8EF6729E0F1}.Ad-Hoc|Any CPU.Build.0 = Release|Any CPU
		{3B7ADADC-D311-4448-9560-F8EF6729E0F1}.Ad-Hoc|Any CPU.Deploy.0 = Release|Any CPU
		{3B7ADADC-D311-4448-9560-F8EF6729E0F1}.Ad-Hoc|ARM.ActiveCfg = Release|Any CPU
		{3B7ADADC-D311-4448-9560-F8EF6729E0F1}.Ad-Hoc|ARM.Build.0 = Release|Any CPU
		{3B7ADADC-D311-4448-9560-F8EF6729E0F1}.Ad-Hoc|ARM.Deploy.0 = Release|Any CPU
		{3B7ADADC-D311-4448-9560-F8EF6729E0F1}.Ad-Hoc|iPhone.ActiveCfg = Release|Any CPU
		{3B7ADADC-D311-4448-9560-F8EF6729E0F1}.Ad-Hoc|iPhone.Build.0 = Release|Any CPU
		{3B7ADADC-D311-4448-9560-F8EF6729E0F1}.Ad-Hoc|iPhone.Deploy.0 = Release|Any CPU
		{3B7ADADC-D311-4448-9560-F8EF6729E0F1}.Ad-Hoc|iPhoneSimulator.ActiveCfg = Release|Any CPU
		{3B7ADADC-D311-4448-9560-F8EF6729E0F1}.Ad-Hoc|iPhoneSimulator.Build.0 = Release|Any CPU
		{3B7ADADC-D311-4448-9560-F8EF6729E0F1}.Ad-Hoc|iPhoneSimulator.Deploy.0 = Release|Any CPU
		{3B7ADADC-D311-4448-9560-F8EF6729E0F1}.Ad-Hoc|x64.ActiveCfg = Release|Any CPU
		{3B7ADADC-D311-4448-9560-F8EF6729E0F1}.Ad-Hoc|x64.Build.0 = Release|Any CPU
		{3B7ADADC-D311-4448-9560-F8EF6729E0F1}.Ad-Hoc|x64.Deploy.0 = Release|Any CPU
		{3B7ADADC-D311-4448-9560-F8EF6729E0F1}.Ad-Hoc|x86.ActiveCfg = Release|Any CPU
		{3B7ADADC-D311-4448-9560-F8EF6729E0F1}.Ad-Hoc|x86.Build.0 = Release|Any CPU
		{3B7ADADC-D311-4448-9560-F8EF6729E0F1}.Ad-Hoc|x86.Deploy.0 = Release|Any CPU
		{3B7ADADC-D311-4448-9560-F8EF6729E0F1}.AppStore|Any CPU.ActiveCfg = Release|Any CPU
		{3B7ADADC-D311-4448-9560-F8EF6729E0F1}.AppStore|Any CPU.Build.0 = Release|Any CPU
		{3B7ADADC-D311-4448-9560-F8EF6729E0F1}.AppStore|Any CPU.Deploy.0 = Release|Any CPU
		{3B7ADADC-D311-4448-9560-F8EF6729E0F1}.AppStore|ARM.ActiveCfg = Release|Any CPU
		{3B7ADADC-D311-4448-9560-F8EF6729E0F1}.AppStore|ARM.Build.0 = Release|Any CPU
		{3B7ADADC-D311-4448-9560-F8EF6729E0F1}.AppStore|ARM.Deploy.0 = Release|Any CPU
		{3B7ADADC-D311-4448-9560-F8EF6729E0F1}.AppStore|iPhone.ActiveCfg = Release|Any CPU
		{3B7ADADC-D311-4448-9560-F8EF6729E0F1}.AppStore|iPhone.Build.0 = Release|Any CPU
		{3B7ADADC-D311-4448-9560-F8EF6729E0F1}.AppStore|iPhone.Deploy.0 = Release|Any CPU
		{3B7ADADC-D311-4448-9560-F8EF6729E0F1}.AppStore|iPhoneSimulator.ActiveCfg = Release|Any CPU
		{3B7ADADC-D311-4448-9560-F8EF6729E0F1}.AppStore|iPhoneSimulator.Build.0 = Release|Any CPU
		{3B7ADADC-D311-4448-9560-F8EF6729E0F1}.AppStore|iPhoneSimulator.Deploy.0 = Release|Any CPU
		{3B7ADADC-D311-4448-9560-F8EF6729E0F1}.AppStore|x64.ActiveCfg = Release|Any CPU
		{3B7ADADC-D311-4448-9560-F8EF6729E0F1}.AppStore|x64.Build.0 = Release|Any CPU
		{3B7ADADC-D311-4448-9560-F8EF6729E0F1}.AppStore|x64.Deploy.0 = Release|Any CPU
		{3B7ADADC-D311-4448-9560-F8EF6729E0F1}.AppStore|x86.ActiveCfg = Release|Any CPU
		{3B7ADADC-D311-4448-9560-F8EF6729E0F1}.AppStore|x86.Build.0 = Release|Any CPU
		{3B7ADADC-D311-4448-9560-F8EF6729E0F1}.AppStore|x86.Deploy.0 = Release|Any CPU
		{3B7ADADC-D311-4448-9560-F8EF6729E0F1}.Debug|Any CPU.ActiveCfg = Debug|Any CPU
		{3B7ADADC-D311-4448-9560-F8EF6729E0F1}.Debug|Any CPU.Build.0 = Debug|Any CPU
		{3B7ADADC-D311-4448-9560-F8EF6729E0F1}.Debug|Any CPU.Deploy.0 = Debug|Any CPU
		{3B7ADADC-D311-4448-9560-F8EF6729E0F1}.Debug|ARM.ActiveCfg = Debug|Any CPU
		{3B7ADADC-D311-4448-9560-F8EF6729E0F1}.Debug|ARM.Build.0 = Debug|Any CPU
		{3B7ADADC-D311-4448-9560-F8EF6729E0F1}.Debug|ARM.Deploy.0 = Debug|Any CPU
		{3B7ADADC-D311-4448-9560-F8EF6729E0F1}.Debug|iPhone.ActiveCfg = Debug|Any CPU
		{3B7ADADC-D311-4448-9560-F8EF6729E0F1}.Debug|iPhone.Build.0 = Debug|Any CPU
		{3B7ADADC-D311-4448-9560-F8EF6729E0F1}.Debug|iPhone.Deploy.0 = Debug|Any CPU
		{3B7ADADC-D311-4448-9560-F8EF6729E0F1}.Debug|iPhoneSimulator.ActiveCfg = Debug|Any CPU
		{3B7ADADC-D311-4448-9560-F8EF6729E0F1}.Debug|iPhoneSimulator.Build.0 = Debug|Any CPU
		{3B7ADADC-D311-4448-9560-F8EF6729E0F1}.Debug|iPhoneSimulator.Deploy.0 = Debug|Any CPU
		{3B7ADADC-D311-4448-9560-F8EF6729E0F1}.Debug|x64.ActiveCfg = Debug|Any CPU
		{3B7ADADC-D311-4448-9560-F8EF6729E0F1}.Debug|x64.Build.0 = Debug|Any CPU
		{3B7ADADC-D311-4448-9560-F8EF6729E0F1}.Debug|x64.Deploy.0 = Debug|Any CPU
		{3B7ADADC-D311-4448-9560-F8EF6729E0F1}.Debug|x86.ActiveCfg = Debug|Any CPU
		{3B7ADADC-D311-4448-9560-F8EF6729E0F1}.Debug|x86.Build.0 = Debug|Any CPU
		{3B7ADADC-D311-4448-9560-F8EF6729E0F1}.Debug|x86.Deploy.0 = Debug|Any CPU
		{3B7ADADC-D311-4448-9560-F8EF6729E0F1}.Release|Any CPU.ActiveCfg = Release|Any CPU
		{3B7ADADC-D311-4448-9560-F8EF6729E0F1}.Release|Any CPU.Build.0 = Release|Any CPU
		{3B7ADADC-D311-4448-9560-F8EF6729E0F1}.Release|Any CPU.Deploy.0 = Release|Any CPU
		{3B7ADADC-D311-4448-9560-F8EF6729E0F1}.Release|ARM.ActiveCfg = Release|Any CPU
		{3B7ADADC-D311-4448-9560-F8EF6729E0F1}.Release|ARM.Build.0 = Release|Any CPU
		{3B7ADADC-D311-4448-9560-F8EF6729E0F1}.Release|ARM.Deploy.0 = Release|Any CPU
		{3B7ADADC-D311-4448-9560-F8EF6729E0F1}.Release|iPhone.ActiveCfg = Release|Any CPU
		{3B7ADADC-D311-4448-9560-F8EF6729E0F1}.Release|iPhone.Build.0 = Release|Any CPU
		{3B7ADADC-D311-4448-9560-F8EF6729E0F1}.Release|iPhone.Deploy.0 = Release|Any CPU
		{3B7ADADC-D311-4448-9560-F8EF6729E0F1}.Release|iPhoneSimulator.ActiveCfg = Release|Any CPU
		{3B7ADADC-D311-4448-9560-F8EF6729E0F1}.Release|iPhoneSimulator.Build.0 = Release|Any CPU
		{3B7ADADC-D311-4448-9560-F8EF6729E0F1}.Release|iPhoneSimulator.Deploy.0 = Release|Any CPU
		{3B7ADADC-D311-4448-9560-F8EF6729E0F1}.Release|x64.ActiveCfg = Release|Any CPU
		{3B7ADADC-D311-4448-9560-F8EF6729E0F1}.Release|x64.Build.0 = Release|Any CPU
		{3B7ADADC-D311-4448-9560-F8EF6729E0F1}.Release|x64.Deploy.0 = Release|Any CPU
		{3B7ADADC-D311-4448-9560-F8EF6729E0F1}.Release|x86.ActiveCfg = Release|Any CPU
		{3B7ADADC-D311-4448-9560-F8EF6729E0F1}.Release|x86.Build.0 = Release|Any CPU
		{3B7ADADC-D311-4448-9560-F8EF6729E0F1}.Release|x86.Deploy.0 = Release|Any CPU
		{5BB09E00-DD6C-4AAA-8375-95AD3B81D8F9}.Ad-Hoc|Any CPU.ActiveCfg = Ad-Hoc|iPhone
		{5BB09E00-DD6C-4AAA-8375-95AD3B81D8F9}.Ad-Hoc|ARM.ActiveCfg = Ad-Hoc|iPhone
		{5BB09E00-DD6C-4AAA-8375-95AD3B81D8F9}.Ad-Hoc|iPhone.ActiveCfg = Ad-Hoc|iPhone
		{5BB09E00-DD6C-4AAA-8375-95AD3B81D8F9}.Ad-Hoc|iPhone.Build.0 = Ad-Hoc|iPhone
		{5BB09E00-DD6C-4AAA-8375-95AD3B81D8F9}.Ad-Hoc|iPhoneSimulator.ActiveCfg = Ad-Hoc|iPhoneSimulator
		{5BB09E00-DD6C-4AAA-8375-95AD3B81D8F9}.Ad-Hoc|iPhoneSimulator.Build.0 = Ad-Hoc|iPhoneSimulator
		{5BB09E00-DD6C-4AAA-8375-95AD3B81D8F9}.Ad-Hoc|x64.ActiveCfg = Ad-Hoc|iPhone
		{5BB09E00-DD6C-4AAA-8375-95AD3B81D8F9}.Ad-Hoc|x86.ActiveCfg = Ad-Hoc|iPhone
		{5BB09E00-DD6C-4AAA-8375-95AD3B81D8F9}.AppStore|Any CPU.ActiveCfg = AppStore|iPhone
		{5BB09E00-DD6C-4AAA-8375-95AD3B81D8F9}.AppStore|ARM.ActiveCfg = AppStore|iPhone
		{5BB09E00-DD6C-4AAA-8375-95AD3B81D8F9}.AppStore|iPhone.ActiveCfg = AppStore|iPhone
		{5BB09E00-DD6C-4AAA-8375-95AD3B81D8F9}.AppStore|iPhone.Build.0 = AppStore|iPhone
		{5BB09E00-DD6C-4AAA-8375-95AD3B81D8F9}.AppStore|iPhoneSimulator.ActiveCfg = AppStore|iPhoneSimulator
		{5BB09E00-DD6C-4AAA-8375-95AD3B81D8F9}.AppStore|iPhoneSimulator.Build.0 = AppStore|iPhoneSimulator
		{5BB09E00-DD6C-4AAA-8375-95AD3B81D8F9}.AppStore|x64.ActiveCfg = AppStore|iPhone
		{5BB09E00-DD6C-4AAA-8375-95AD3B81D8F9}.AppStore|x86.ActiveCfg = AppStore|iPhone
		{5BB09E00-DD6C-4AAA-8375-95AD3B81D8F9}.Debug|Any CPU.ActiveCfg = Debug|iPhone
		{5BB09E00-DD6C-4AAA-8375-95AD3B81D8F9}.Debug|ARM.ActiveCfg = Debug|iPhone
		{5BB09E00-DD6C-4AAA-8375-95AD3B81D8F9}.Debug|iPhone.ActiveCfg = Debug|iPhone
		{5BB09E00-DD6C-4AAA-8375-95AD3B81D8F9}.Debug|iPhone.Build.0 = Debug|iPhone
		{5BB09E00-DD6C-4AAA-8375-95AD3B81D8F9}.Debug|iPhoneSimulator.ActiveCfg = Debug|iPhoneSimulator
		{5BB09E00-DD6C-4AAA-8375-95AD3B81D8F9}.Debug|iPhoneSimulator.Build.0 = Debug|iPhoneSimulator
		{5BB09E00-DD6C-4AAA-8375-95AD3B81D8F9}.Debug|x64.ActiveCfg = Debug|iPhone
		{5BB09E00-DD6C-4AAA-8375-95AD3B81D8F9}.Debug|x86.ActiveCfg = Debug|iPhone
		{5BB09E00-DD6C-4AAA-8375-95AD3B81D8F9}.Release|Any CPU.ActiveCfg = Release|iPhone
		{5BB09E00-DD6C-4AAA-8375-95AD3B81D8F9}.Release|ARM.ActiveCfg = Release|iPhone
		{5BB09E00-DD6C-4AAA-8375-95AD3B81D8F9}.Release|iPhone.ActiveCfg = Release|iPhone
		{5BB09E00-DD6C-4AAA-8375-95AD3B81D8F9}.Release|iPhone.Build.0 = Release|iPhone
		{5BB09E00-DD6C-4AAA-8375-95AD3B81D8F9}.Release|iPhoneSimulator.ActiveCfg = Release|iPhoneSimulator
		{5BB09E00-DD6C-4AAA-8375-95AD3B81D8F9}.Release|iPhoneSimulator.Build.0 = Release|iPhoneSimulator
		{5BB09E00-DD6C-4AAA-8375-95AD3B81D8F9}.Release|x64.ActiveCfg = Release|iPhone
		{5BB09E00-DD6C-4AAA-8375-95AD3B81D8F9}.Release|x86.ActiveCfg = Release|iPhone
		{71370194-A221-492A-901A-EE2BE5052797}.Ad-Hoc|Any CPU.ActiveCfg = Release|Any CPU
		{71370194-A221-492A-901A-EE2BE5052797}.Ad-Hoc|Any CPU.Build.0 = Release|Any CPU
		{71370194-A221-492A-901A-EE2BE5052797}.Ad-Hoc|Any CPU.Deploy.0 = Release|Any CPU
		{71370194-A221-492A-901A-EE2BE5052797}.Ad-Hoc|ARM.ActiveCfg = Release|ARM
		{71370194-A221-492A-901A-EE2BE5052797}.Ad-Hoc|ARM.Build.0 = Release|ARM
		{71370194-A221-492A-901A-EE2BE5052797}.Ad-Hoc|ARM.Deploy.0 = Release|ARM
		{71370194-A221-492A-901A-EE2BE5052797}.Ad-Hoc|iPhone.ActiveCfg = Release|Any CPU
		{71370194-A221-492A-901A-EE2BE5052797}.Ad-Hoc|iPhone.Build.0 = Release|Any CPU
		{71370194-A221-492A-901A-EE2BE5052797}.Ad-Hoc|iPhone.Deploy.0 = Release|Any CPU
		{71370194-A221-492A-901A-EE2BE5052797}.Ad-Hoc|iPhoneSimulator.ActiveCfg = Release|Any CPU
		{71370194-A221-492A-901A-EE2BE5052797}.Ad-Hoc|iPhoneSimulator.Build.0 = Release|Any CPU
		{71370194-A221-492A-901A-EE2BE5052797}.Ad-Hoc|iPhoneSimulator.Deploy.0 = Release|Any CPU
		{71370194-A221-492A-901A-EE2BE5052797}.Ad-Hoc|x64.ActiveCfg = Release|Any CPU
		{71370194-A221-492A-901A-EE2BE5052797}.Ad-Hoc|x64.Build.0 = Release|Any CPU
		{71370194-A221-492A-901A-EE2BE5052797}.Ad-Hoc|x64.Deploy.0 = Release|Any CPU
		{71370194-A221-492A-901A-EE2BE5052797}.Ad-Hoc|x86.ActiveCfg = Release|x86
		{71370194-A221-492A-901A-EE2BE5052797}.Ad-Hoc|x86.Build.0 = Release|x86
		{71370194-A221-492A-901A-EE2BE5052797}.Ad-Hoc|x86.Deploy.0 = Release|x86
		{71370194-A221-492A-901A-EE2BE5052797}.AppStore|Any CPU.ActiveCfg = Release|Any CPU
		{71370194-A221-492A-901A-EE2BE5052797}.AppStore|Any CPU.Build.0 = Release|Any CPU
		{71370194-A221-492A-901A-EE2BE5052797}.AppStore|Any CPU.Deploy.0 = Release|Any CPU
		{71370194-A221-492A-901A-EE2BE5052797}.AppStore|ARM.ActiveCfg = Release|ARM
		{71370194-A221-492A-901A-EE2BE5052797}.AppStore|ARM.Build.0 = Release|ARM
		{71370194-A221-492A-901A-EE2BE5052797}.AppStore|ARM.Deploy.0 = Release|ARM
		{71370194-A221-492A-901A-EE2BE5052797}.AppStore|iPhone.ActiveCfg = Release|Any CPU
		{71370194-A221-492A-901A-EE2BE5052797}.AppStore|iPhone.Build.0 = Release|Any CPU
		{71370194-A221-492A-901A-EE2BE5052797}.AppStore|iPhone.Deploy.0 = Release|Any CPU
		{71370194-A221-492A-901A-EE2BE5052797}.AppStore|iPhoneSimulator.ActiveCfg = Release|Any CPU
		{71370194-A221-492A-901A-EE2BE5052797}.AppStore|iPhoneSimulator.Build.0 = Release|Any CPU
		{71370194-A221-492A-901A-EE2BE5052797}.AppStore|iPhoneSimulator.Deploy.0 = Release|Any CPU
		{71370194-A221-492A-901A-EE2BE5052797}.AppStore|x64.ActiveCfg = Release|Any CPU
		{71370194-A221-492A-901A-EE2BE5052797}.AppStore|x64.Build.0 = Release|Any CPU
		{71370194-A221-492A-901A-EE2BE5052797}.AppStore|x64.Deploy.0 = Release|Any CPU
		{71370194-A221-492A-901A-EE2BE5052797}.AppStore|x86.ActiveCfg = Release|x86
		{71370194-A221-492A-901A-EE2BE5052797}.AppStore|x86.Build.0 = Release|x86
		{71370194-A221-492A-901A-EE2BE5052797}.AppStore|x86.Deploy.0 = Release|x86
		{71370194-A221-492A-901A-EE2BE5052797}.Debug|Any CPU.ActiveCfg = Debug|Any CPU
		{71370194-A221-492A-901A-EE2BE5052797}.Debug|Any CPU.Build.0 = Debug|Any CPU
		{71370194-A221-492A-901A-EE2BE5052797}.Debug|Any CPU.Deploy.0 = Debug|Any CPU
		{71370194-A221-492A-901A-EE2BE5052797}.Debug|ARM.ActiveCfg = Debug|ARM
		{71370194-A221-492A-901A-EE2BE5052797}.Debug|ARM.Build.0 = Debug|ARM
		{71370194-A221-492A-901A-EE2BE5052797}.Debug|ARM.Deploy.0 = Debug|ARM
		{71370194-A221-492A-901A-EE2BE5052797}.Debug|iPhone.ActiveCfg = Debug|Any CPU
		{71370194-A221-492A-901A-EE2BE5052797}.Debug|iPhone.Build.0 = Debug|Any CPU
		{71370194-A221-492A-901A-EE2BE5052797}.Debug|iPhone.Deploy.0 = Debug|Any CPU
		{71370194-A221-492A-901A-EE2BE5052797}.Debug|iPhoneSimulator.ActiveCfg = Debug|Any CPU
		{71370194-A221-492A-901A-EE2BE5052797}.Debug|iPhoneSimulator.Build.0 = Debug|Any CPU
		{71370194-A221-492A-901A-EE2BE5052797}.Debug|iPhoneSimulator.Deploy.0 = Debug|Any CPU
		{71370194-A221-492A-901A-EE2BE5052797}.Debug|x64.ActiveCfg = Debug|Any CPU
		{71370194-A221-492A-901A-EE2BE5052797}.Debug|x64.Build.0 = Debug|Any CPU
		{71370194-A221-492A-901A-EE2BE5052797}.Debug|x64.Deploy.0 = Debug|Any CPU
		{71370194-A221-492A-901A-EE2BE5052797}.Debug|x86.ActiveCfg = Debug|x86
		{71370194-A221-492A-901A-EE2BE5052797}.Debug|x86.Build.0 = Debug|x86
		{71370194-A221-492A-901A-EE2BE5052797}.Debug|x86.Deploy.0 = Debug|x86
		{71370194-A221-492A-901A-EE2BE5052797}.Release|Any CPU.ActiveCfg = Release|Any CPU
		{71370194-A221-492A-901A-EE2BE5052797}.Release|Any CPU.Build.0 = Release|Any CPU
		{71370194-A221-492A-901A-EE2BE5052797}.Release|Any CPU.Deploy.0 = Release|Any CPU
		{71370194-A221-492A-901A-EE2BE5052797}.Release|ARM.ActiveCfg = Release|ARM
		{71370194-A221-492A-901A-EE2BE5052797}.Release|ARM.Build.0 = Release|ARM
		{71370194-A221-492A-901A-EE2BE5052797}.Release|ARM.Deploy.0 = Release|ARM
		{71370194-A221-492A-901A-EE2BE5052797}.Release|iPhone.ActiveCfg = Release|Any CPU
		{71370194-A221-492A-901A-EE2BE5052797}.Release|iPhone.Build.0 = Release|Any CPU
		{71370194-A221-492A-901A-EE2BE5052797}.Release|iPhone.Deploy.0 = Release|Any CPU
		{71370194-A221-492A-901A-EE2BE5052797}.Release|iPhoneSimulator.ActiveCfg = Release|Any CPU
		{71370194-A221-492A-901A-EE2BE5052797}.Release|iPhoneSimulator.Build.0 = Release|Any CPU
		{71370194-A221-492A-901A-EE2BE5052797}.Release|iPhoneSimulator.Deploy.0 = Release|Any CPU
		{71370194-A221-492A-901A-EE2BE5052797}.Release|x64.ActiveCfg = Release|Any CPU
		{71370194-A221-492A-901A-EE2BE5052797}.Release|x64.Build.0 = Release|Any CPU
		{71370194-A221-492A-901A-EE2BE5052797}.Release|x64.Deploy.0 = Release|Any CPU
		{71370194-A221-492A-901A-EE2BE5052797}.Release|x86.ActiveCfg = Release|x86
		{71370194-A221-492A-901A-EE2BE5052797}.Release|x86.Build.0 = Release|x86
		{71370194-A221-492A-901A-EE2BE5052797}.Release|x86.Deploy.0 = Release|x86
		{11C2CBDC-503E-43A7-98A7-C775A96FC2E6}.Ad-Hoc|Any CPU.ActiveCfg = Release|Any CPU
		{11C2CBDC-503E-43A7-98A7-C775A96FC2E6}.Ad-Hoc|Any CPU.Build.0 = Release|Any CPU
		{11C2CBDC-503E-43A7-98A7-C775A96FC2E6}.Ad-Hoc|Any CPU.Deploy.0 = Release|Any CPU
		{11C2CBDC-503E-43A7-98A7-C775A96FC2E6}.Ad-Hoc|ARM.ActiveCfg = Release|ARM
		{11C2CBDC-503E-43A7-98A7-C775A96FC2E6}.Ad-Hoc|ARM.Build.0 = Release|ARM
		{11C2CBDC-503E-43A7-98A7-C775A96FC2E6}.Ad-Hoc|ARM.Deploy.0 = Release|ARM
		{11C2CBDC-503E-43A7-98A7-C775A96FC2E6}.Ad-Hoc|iPhone.ActiveCfg = Release|Any CPU
		{11C2CBDC-503E-43A7-98A7-C775A96FC2E6}.Ad-Hoc|iPhone.Build.0 = Release|Any CPU
		{11C2CBDC-503E-43A7-98A7-C775A96FC2E6}.Ad-Hoc|iPhone.Deploy.0 = Release|Any CPU
		{11C2CBDC-503E-43A7-98A7-C775A96FC2E6}.Ad-Hoc|iPhoneSimulator.ActiveCfg = Release|Any CPU
		{11C2CBDC-503E-43A7-98A7-C775A96FC2E6}.Ad-Hoc|iPhoneSimulator.Build.0 = Release|Any CPU
		{11C2CBDC-503E-43A7-98A7-C775A96FC2E6}.Ad-Hoc|iPhoneSimulator.Deploy.0 = Release|Any CPU
		{11C2CBDC-503E-43A7-98A7-C775A96FC2E6}.Ad-Hoc|x64.ActiveCfg = Release|x64
		{11C2CBDC-503E-43A7-98A7-C775A96FC2E6}.Ad-Hoc|x64.Build.0 = Release|x64
		{11C2CBDC-503E-43A7-98A7-C775A96FC2E6}.Ad-Hoc|x64.Deploy.0 = Release|x64
		{11C2CBDC-503E-43A7-98A7-C775A96FC2E6}.Ad-Hoc|x86.ActiveCfg = Release|x86
		{11C2CBDC-503E-43A7-98A7-C775A96FC2E6}.Ad-Hoc|x86.Build.0 = Release|x86
		{11C2CBDC-503E-43A7-98A7-C775A96FC2E6}.Ad-Hoc|x86.Deploy.0 = Release|x86
		{11C2CBDC-503E-43A7-98A7-C775A96FC2E6}.AppStore|Any CPU.ActiveCfg = Release|Any CPU
		{11C2CBDC-503E-43A7-98A7-C775A96FC2E6}.AppStore|Any CPU.Build.0 = Release|Any CPU
		{11C2CBDC-503E-43A7-98A7-C775A96FC2E6}.AppStore|Any CPU.Deploy.0 = Release|Any CPU
		{11C2CBDC-503E-43A7-98A7-C775A96FC2E6}.AppStore|ARM.ActiveCfg = Release|ARM
		{11C2CBDC-503E-43A7-98A7-C775A96FC2E6}.AppStore|ARM.Build.0 = Release|ARM
		{11C2CBDC-503E-43A7-98A7-C775A96FC2E6}.AppStore|ARM.Deploy.0 = Release|ARM
		{11C2CBDC-503E-43A7-98A7-C775A96FC2E6}.AppStore|iPhone.ActiveCfg = Release|Any CPU
		{11C2CBDC-503E-43A7-98A7-C775A96FC2E6}.AppStore|iPhone.Build.0 = Release|Any CPU
		{11C2CBDC-503E-43A7-98A7-C775A96FC2E6}.AppStore|iPhone.Deploy.0 = Release|Any CPU
		{11C2CBDC-503E-43A7-98A7-C775A96FC2E6}.AppStore|iPhoneSimulator.ActiveCfg = Release|Any CPU
		{11C2CBDC-503E-43A7-98A7-C775A96FC2E6}.AppStore|iPhoneSimulator.Build.0 = Release|Any CPU
		{11C2CBDC-503E-43A7-98A7-C775A96FC2E6}.AppStore|iPhoneSimulator.Deploy.0 = Release|Any CPU
		{11C2CBDC-503E-43A7-98A7-C775A96FC2E6}.AppStore|x64.ActiveCfg = Release|x64
		{11C2CBDC-503E-43A7-98A7-C775A96FC2E6}.AppStore|x64.Build.0 = Release|x64
		{11C2CBDC-503E-43A7-98A7-C775A96FC2E6}.AppStore|x64.Deploy.0 = Release|x64
		{11C2CBDC-503E-43A7-98A7-C775A96FC2E6}.AppStore|x86.ActiveCfg = Release|x86
		{11C2CBDC-503E-43A7-98A7-C775A96FC2E6}.AppStore|x86.Build.0 = Release|x86
		{11C2CBDC-503E-43A7-98A7-C775A96FC2E6}.AppStore|x86.Deploy.0 = Release|x86
		{11C2CBDC-503E-43A7-98A7-C775A96FC2E6}.Debug|Any CPU.ActiveCfg = Debug|Any CPU
		{11C2CBDC-503E-43A7-98A7-C775A96FC2E6}.Debug|Any CPU.Build.0 = Debug|Any CPU
		{11C2CBDC-503E-43A7-98A7-C775A96FC2E6}.Debug|Any CPU.Deploy.0 = Debug|Any CPU
		{11C2CBDC-503E-43A7-98A7-C775A96FC2E6}.Debug|ARM.ActiveCfg = Debug|ARM
		{11C2CBDC-503E-43A7-98A7-C775A96FC2E6}.Debug|ARM.Build.0 = Debug|ARM
		{11C2CBDC-503E-43A7-98A7-C775A96FC2E6}.Debug|ARM.Deploy.0 = Debug|ARM
		{11C2CBDC-503E-43A7-98A7-C775A96FC2E6}.Debug|iPhone.ActiveCfg = Debug|Any CPU
		{11C2CBDC-503E-43A7-98A7-C775A96FC2E6}.Debug|iPhone.Build.0 = Debug|Any CPU
		{11C2CBDC-503E-43A7-98A7-C775A96FC2E6}.Debug|iPhone.Deploy.0 = Debug|Any CPU
		{11C2CBDC-503E-43A7-98A7-C775A96FC2E6}.Debug|iPhoneSimulator.ActiveCfg = Debug|Any CPU
		{11C2CBDC-503E-43A7-98A7-C775A96FC2E6}.Debug|iPhoneSimulator.Build.0 = Debug|Any CPU
		{11C2CBDC-503E-43A7-98A7-C775A96FC2E6}.Debug|iPhoneSimulator.Deploy.0 = Debug|Any CPU
		{11C2CBDC-503E-43A7-98A7-C775A96FC2E6}.Debug|x64.ActiveCfg = Debug|x64
		{11C2CBDC-503E-43A7-98A7-C775A96FC2E6}.Debug|x64.Build.0 = Debug|x64
		{11C2CBDC-503E-43A7-98A7-C775A96FC2E6}.Debug|x64.Deploy.0 = Debug|x64
		{11C2CBDC-503E-43A7-98A7-C775A96FC2E6}.Debug|x86.ActiveCfg = Debug|x86
		{11C2CBDC-503E-43A7-98A7-C775A96FC2E6}.Debug|x86.Build.0 = Debug|x86
		{11C2CBDC-503E-43A7-98A7-C775A96FC2E6}.Debug|x86.Deploy.0 = Debug|x86
		{11C2CBDC-503E-43A7-98A7-C775A96FC2E6}.Release|Any CPU.ActiveCfg = Release|Any CPU
		{11C2CBDC-503E-43A7-98A7-C775A96FC2E6}.Release|Any CPU.Build.0 = Release|Any CPU
		{11C2CBDC-503E-43A7-98A7-C775A96FC2E6}.Release|Any CPU.Deploy.0 = Release|Any CPU
		{11C2CBDC-503E-43A7-98A7-C775A96FC2E6}.Release|ARM.ActiveCfg = Release|ARM
		{11C2CBDC-503E-43A7-98A7-C775A96FC2E6}.Release|ARM.Build.0 = Release|ARM
		{11C2CBDC-503E-43A7-98A7-C775A96FC2E6}.Release|ARM.Deploy.0 = Release|ARM
		{11C2CBDC-503E-43A7-98A7-C775A96FC2E6}.Release|iPhone.ActiveCfg = Release|Any CPU
		{11C2CBDC-503E-43A7-98A7-C775A96FC2E6}.Release|iPhone.Build.0 = Release|Any CPU
		{11C2CBDC-503E-43A7-98A7-C775A96FC2E6}.Release|iPhone.Deploy.0 = Release|Any CPU
		{11C2CBDC-503E-43A7-98A7-C775A96FC2E6}.Release|iPhoneSimulator.ActiveCfg = Release|Any CPU
		{11C2CBDC-503E-43A7-98A7-C775A96FC2E6}.Release|iPhoneSimulator.Build.0 = Release|Any CPU
		{11C2CBDC-503E-43A7-98A7-C775A96FC2E6}.Release|iPhoneSimulator.Deploy.0 = Release|Any CPU
		{11C2CBDC-503E-43A7-98A7-C775A96FC2E6}.Release|x64.ActiveCfg = Release|x64
		{11C2CBDC-503E-43A7-98A7-C775A96FC2E6}.Release|x64.Build.0 = Release|x64
		{11C2CBDC-503E-43A7-98A7-C775A96FC2E6}.Release|x64.Deploy.0 = Release|x64
		{11C2CBDC-503E-43A7-98A7-C775A96FC2E6}.Release|x86.ActiveCfg = Release|x86
		{11C2CBDC-503E-43A7-98A7-C775A96FC2E6}.Release|x86.Build.0 = Release|x86
		{11C2CBDC-503E-43A7-98A7-C775A96FC2E6}.Release|x86.Deploy.0 = Release|x86
	EndGlobalSection
	GlobalSection(SolutionProperties) = preSolution
		HideSolutionNode = FALSE
	EndGlobalSection
EndGlobal
